
Microsoft Visual Studio Solution File, Format Version 12.00
# Visual Studio Version 16
VisualStudioVersion = 16.0.31424.327
MinimumVisualStudioVersion = 10.0.40219.1
Project("{FAE04EC0-301F-11D3-BF4B-00C04F79EFBC}") = "Assignment_2_1", "Assignment_2_1\Assignment_2_1.csproj", "{EB8DFB6C-F8A8-43D0-B6C9-6BF87E3B557A}"
EndProject
Global
	GlobalSection(SolutionConfigurationPlatforms) = preSolution
		Debug|Any CPU = Debug|Any CPU
		Release|Any CPU = Release|Any CPU
	EndGlobalSection
	GlobalSection(ProjectConfigurationPlatforms) = postSolution
		{EB8DFB6C-F8A8-43D0-B6C9-6BF87E3B557A}.Debug|Any CPU.ActiveCfg = Debug|Any CPU
		{EB8DFB6C-F8A8-43D0-B6C9-6BF87E3B557A}.Debug|Any CPU.Build.0 = Debug|Any CPU
		{EB8DFB6C-F8A8-43D0-B6C9-6BF87E3B557A}.Release|Any CPU.ActiveCfg = Release|Any CPU
		{EB8DFB6C-F8A8-43D0-B6C9-6BF87E3B557A}.Release|Any CPU.Build.0 = Release|Any CPU
	EndGlobalSection
	GlobalSection(SolutionProperties) = preSolution
		HideSolutionNode = FALSE
	EndGlobalSection
	GlobalSection(ExtensibilityGlobals) = postSolution
		SolutionGuid = {0E5E3851-6980-485B-81DC-9A21BC5E3F01}
	EndGlobalSection
EndGlobal
