
Microsoft Visual Studio Solution File, Format Version 12.00
# Visual Studio Version 16
VisualStudioVersion = 16.0.31424.327
MinimumVisualStudioVersion = 10.0.40219.1
Project("{FAE04EC0-301F-11D3-BF4B-00C04F79EFBC}") = "Assignment_2_3", "Assignment_2_3\Assignment_2_3.csproj", "{FC054D59-E18E-460D-BA38-556A16608795}"
EndProject
Global
	GlobalSection(SolutionConfigurationPlatforms) = preSolution
		Debug|Any CPU = Debug|Any CPU
		Release|Any CPU = Release|Any CPU
	EndGlobalSection
	GlobalSection(ProjectConfigurationPlatforms) = postSolution
		{FC054D59-E18E-460D-BA38-556A16608795}.Debug|Any CPU.ActiveCfg = Debug|Any CPU
		{FC054D59-E18E-460D-BA38-556A16608795}.Debug|Any CPU.Build.0 = Debug|Any CPU
		{FC054D59-E18E-460D-BA38-556A16608795}.Release|Any CPU.ActiveCfg = Release|Any CPU
		{FC054D59-E18E-460D-BA38-556A16608795}.Release|Any CPU.Build.0 = Release|Any CPU
	EndGlobalSection
	GlobalSection(SolutionProperties) = preSolution
		HideSolutionNode = FALSE
	EndGlobalSection
	GlobalSection(ExtensibilityGlobals) = postSolution
		SolutionGuid = {08DC8369-0A6A-423F-AC62-35AA2E70D703}
	EndGlobalSection
EndGlobal
